PODS:
  - Alamofire (4.2.0)
  - Braintree/Card (4.7.3):
    - Braintree/Core
  - Braintree/Core (4.7.3)
  - Braintree/UnionPay (4.7.3):
    - Braintree/Card
    - Braintree/Core
  - BraintreeDropIn (5.0.1):
    - BraintreeDropIn/DropIn (= 5.0.1)
  - BraintreeDropIn/DropIn (5.0.1):
    - Braintree/Card (~> 4.0)
    - Braintree/Core (~> 4.0)
    - Braintree/UnionPay (~> 4.0)
    - BraintreeDropIn/UIKit
  - BraintreeDropIn/UIKit (5.0.1)
  - GoogleMaps (2.1.1):
    - GoogleMaps/Maps (= 2.1.1)
  - GoogleMaps/Base (2.1.1)
  - GoogleMaps/Maps (2.1.1):
    - GoogleMaps/Base
  - GooglePlacePicker (2.1.1):
    - GoogleMaps (= 2.1.1)
    - GooglePlaces (= 2.1.1)
  - GooglePlaces (2.1.1):
    - GoogleMaps/Base (= 2.1.1)
  - SwiftyJSON (3.1.3)

DEPENDENCIES:
  - Alamofire (~> 4.0)
  - BraintreeDropIn
  - GoogleMaps
  - GooglePlacePicker
  - GooglePlaces
  - SwiftyJSON

SPEC CHECKSUMS:
  Alamofire: aa2e09d871c9160ac53c90e83c68064a94e3dfbe
  Braintree: 3eee856da5d30357a55439283b4bb3dbaddcaa7c
  BraintreeDropIn: c271f42485e5a62232fe471f854bbf1003ad95d1
  GoogleMaps: a5b5bbe47734e2443bde781a6aa64e69fdb6d785
  GooglePlacePicker: 665f39f931f2df32f9dd3fcc45f7e8abf71e535c
  GooglePlaces: 35636d86e5020cba3856eb988c09a5491de0a65a
  SwiftyJSON: 38a8ea2006779c0fc4c310cb2ee8195327740faf

PODFILE CHECKSUM: 3698ab07c0d8d04dca7a191d1d06805932cb8df1

COCOAPODS: 1.1.1
